
Microsoft Visual Studio Solution File, Format Version 12.00
# Visual Studio Version 17
VisualStudioVersion = 17.10.34707.107
MinimumVisualStudioVersion = 10.0.40219.1
Project("{9A19103F-16F7-4668-BE54-9A1E7A4F7556}") = "Client", "Client\Client.csproj", "{B4F3AB5C-4DDB-4AB3-8D73-6CAC69491DE1}"
EndProject
Project("{9A19103F-16F7-4668-BE54-9A1E7A4F7556}") = "MenuBL", "MenuBL\MenuBL.csproj", "{C4FE6960-A84C-46B3-AF2D-5CDC62D07D1E}"
EndProject
Project("{9A19103F-16F7-4668-BE54-9A1E7A4F7556}") = "MenuDL", "MenuDL\MenuDL.csproj", "{61D9DF27-7E08-49CA-A6CB-18FE702C443F}"
EndProject
Project("{9A19103F-16F7-4668-BE54-9A1E7A4F7556}") = "MenuModels", "MenuModels\MenuModels.csproj", "{C6B848CD-6EEE-4717-B52E-8F95EC00ACC6}"
EndProject
Project("{FAE04EC0-301F-11D3-BF4B-00C04F79EFBC}") = "MenuAPI", "MenuAPI\MenuAPI.csproj", "{2FFE0534-6DBB-4618-92A8-6C279A972059}"
EndProject
Global
	GlobalSection(SolutionConfigurationPlatforms) = preSolution
		Debug|Any CPU = Debug|Any CPU
		Release|Any CPU = Release|Any CPU
	EndGlobalSection
	GlobalSection(ProjectConfigurationPlatforms) = postSolution
		{B4F3AB5C-4DDB-4AB3-8D73-6CAC69491DE1}.Debug|Any CPU.ActiveCfg = Debug|Any CPU
		{B4F3AB5C-4DDB-4AB3-8D73-6CAC69491DE1}.Debug|Any CPU.Build.0 = Debug|Any CPU
		{B4F3AB5C-4DDB-4AB3-8D73-6CAC69491DE1}.Release|Any CPU.ActiveCfg = Release|Any CPU
		{B4F3AB5C-4DDB-4AB3-8D73-6CAC69491DE1}.Release|Any CPU.Build.0 = Release|Any CPU
		{C4FE6960-A84C-46B3-AF2D-5CDC62D07D1E}.Debug|Any CPU.ActiveCfg = Debug|Any CPU
		{C4FE6960-A84C-46B3-AF2D-5CDC62D07D1E}.Debug|Any CPU.Build.0 = Debug|Any CPU
		{C4FE6960-A84C-46B3-AF2D-5CDC62D07D1E}.Release|Any CPU.ActiveCfg = Release|Any CPU
		{C4FE6960-A84C-46B3-AF2D-5CDC62D07D1E}.Release|Any CPU.Build.0 = Release|Any CPU
		{61D9DF27-7E08-49CA-A6CB-18FE702C443F}.Debug|Any CPU.ActiveCfg = Debug|Any CPU
		{61D9DF27-7E08-49CA-A6CB-18FE702C443F}.Debug|Any CPU.Build.0 = Debug|Any CPU
		{61D9DF27-7E08-49CA-A6CB-18FE702C443F}.Release|Any CPU.ActiveCfg = Release|Any CPU
		{61D9DF27-7E08-49CA-A6CB-18FE702C443F}.Release|Any CPU.Build.0 = Release|Any CPU
		{C6B848CD-6EEE-4717-B52E-8F95EC00ACC6}.Debug|Any CPU.ActiveCfg = Debug|Any CPU
		{C6B848CD-6EEE-4717-B52E-8F95EC00ACC6}.Debug|Any CPU.Build.0 = Debug|Any CPU
		{C6B848CD-6EEE-4717-B52E-8F95EC00ACC6}.Release|Any CPU.ActiveCfg = Release|Any CPU
		{C6B848CD-6EEE-4717-B52E-8F95EC00ACC6}.Release|Any CPU.Build.0 = Release|Any CPU
		{2FFE0534-6DBB-4618-92A8-6C279A972059}.Debug|Any CPU.ActiveCfg = Debug|Any CPU
		{2FFE0534-6DBB-4618-92A8-6C279A972059}.Debug|Any CPU.Build.0 = Debug|Any CPU
		{2FFE0534-6DBB-4618-92A8-6C279A972059}.Release|Any CPU.ActiveCfg = Release|Any CPU
		{2FFE0534-6DBB-4618-92A8-6C279A972059}.Release|Any CPU.Build.0 = Release|Any CPU
	EndGlobalSection
	GlobalSection(SolutionProperties) = preSolution
		HideSolutionNode = FALSE
	EndGlobalSection
	GlobalSection(ExtensibilityGlobals) = postSolution
		SolutionGuid = {82681E71-51A4-40FC-96B5-E7583599A1B3}
	EndGlobalSection
EndGlobal
